PODS:
  - Alamofire (5.0.5)
  - Cosmos (23.0.0)
  - Firebase/Auth (8.1.0):
    - Firebase/CoreOnly
    - FirebaseAuth (~> 8.1.0)
  - Firebase/Core (8.1.0):
    - Firebase/CoreOnly
    - FirebaseAnalytics (~> 8.1.0)
  - Firebase/CoreOnly (8.1.0):
    - FirebaseCore (= 8.1.0)
  - Firebase/Database (8.1.0):
    - Firebase/CoreOnly
    - FirebaseDatabase (~> 8.1.0)
  - Firebase/Messaging (8.1.0):
    - Firebase/CoreOnly
    - FirebaseMessaging (~> 8.1.0)
  - FirebaseAnalytics (8.1.0):
    - FirebaseAnalytics/AdIdSupport (= 8.1.0)
    - FirebaseCore (~> 8.0)
    - FirebaseInstallations (~> 8.0)
    - GoogleUtilities/AppDelegateSwizzler (~> 7.4)
    - GoogleUtilities/MethodSwizzler (~> 7.4)
    - GoogleUtilities/Network (~> 7.4)
    - "GoogleUtilities/NSData+zlib (~> 7.4)"
    - nanopb (~> 2.30908.0)
  - FirebaseAnalytics/AdIdSupport (8.1.0):
    - FirebaseAnalytics/Base (= 8.1.0)
    - FirebaseCore (~> 8.0)
    - FirebaseInstallations (~> 8.0)
    - GoogleAppMeasurement (= 8.1.0)
    - GoogleUtilities/AppDelegateSwizzler (~> 7.4)
    - GoogleUtilities/MethodSwizzler (~> 7.4)
    - GoogleUtilities/Network (~> 7.4)
    - "GoogleUtilities/NSData+zlib (~> 7.4)"
    - nanopb (~> 2.30908.0)
  - FirebaseAnalytics/Base (8.1.0):
    - FirebaseCore (~> 8.0)
    - FirebaseInstallations (~> 8.0)
    - GoogleUtilities/AppDelegateSwizzler (~> 7.4)
    - GoogleUtilities/MethodSwizzler (~> 7.4)
    - GoogleUtilities/Network (~> 7.4)
    - "GoogleUtilities/NSData+zlib (~> 7.4)"
    - nanopb (~> 2.30908.0)
  - FirebaseAuth (8.1.0):
    - FirebaseCore (~> 8.0)
    - GoogleUtilities/AppDelegateSwizzler (~> 7.4)
    - GoogleUtilities/Environment (~> 7.4)
    - GTMSessionFetcher/Core (~> 1.5)
  - FirebaseCore (8.1.0):
    - FirebaseCoreDiagnostics (~> 8.0)
    - GoogleUtilities/Environment (~> 7.4)
    - GoogleUtilities/Logger (~> 7.4)
  - FirebaseCoreDiagnostics (8.1.0):
    - GoogleDataTransport (~> 9.0)
    - GoogleUtilities/Environment (~> 7.4)
    - GoogleUtilities/Logger (~> 7.4)
    - nanopb (~> 2.30908.0)
  - FirebaseDatabase (8.1.0):
    - FirebaseCore (~> 8.0)
    - leveldb-library (~> 1.22)
  - FirebaseInstallations (8.1.0):
    - FirebaseCore (~> 8.0)
    - GoogleUtilities/Environment (~> 7.4)
    - GoogleUtilities/UserDefaults (~> 7.4)
    - PromisesObjC (~> 1.2)
  - FirebaseMessaging (8.1.0):
    - FirebaseCore (~> 8.0)
    - FirebaseInstallations (~> 8.0)
    - GoogleUtilities/AppDelegateSwizzler (~> 7.4)
    - GoogleUtilities/Environment (~> 7.4)
    - GoogleUtilities/Reachability (~> 7.4)
    - GoogleUtilities/UserDefaults (~> 7.4)
  - FlagPhoneNumber (0.8.0):
    - FlagPhoneNumber/libPhoneNumberiOS (= 0.8.0)
  - FlagPhoneNumber/libPhoneNumberiOS (0.8.0)
  - GoogleAppMeasurement (8.1.0):
    - GoogleAppMeasurement/AdIdSupport (= 8.1.0)
    - GoogleUtilities/AppDelegateSwizzler (~> 7.4)
    - GoogleUtilities/MethodSwizzler (~> 7.4)
    - GoogleUtilities/Network (~> 7.4)
    - "GoogleUtilities/NSData+zlib (~> 7.4)"
    - nanopb (~> 2.30908.0)
  - GoogleAppMeasurement/AdIdSupport (8.1.0):
    - GoogleUtilities/AppDelegateSwizzler (~> 7.4)
    - GoogleUtilities/MethodSwizzler (~> 7.4)
    - GoogleUtilities/Network (~> 7.4)
    - "GoogleUtilities/NSData+zlib (~> 7.4)"
    - nanopb (~> 2.30908.0)
  - GoogleDataTransport (9.0.1):
    - GoogleUtilities/Environment (~> 7.2)
    - nanopb (~> 2.30908.0)
    - PromisesObjC (~> 1.2)
  - GoogleUtilities/AppDelegateSwizzler (7.4.1):
    - GoogleUtilities/Environment
    - GoogleUtilities/Logger
    - GoogleUtilities/Network
  - GoogleUtilities/Environment (7.4.1):
    - PromisesObjC (~> 1.2)
  - GoogleUtilities/Logger (7.4.1):
    - GoogleUtilities/Environment
  - GoogleUtilities/MethodSwizzler (7.4.1):
    - GoogleUtilities/Logger
  - GoogleUtilities/Network (7.4.1):
    - GoogleUtilities/Logger
    - "GoogleUtilities/NSData+zlib"
    - GoogleUtilities/Reachability
  - "GoogleUtilities/NSData+zlib (7.4.1)"
  - GoogleUtilities/Reachability (7.4.1):
    - GoogleUtilities/Logger
  - GoogleUtilities/UserDefaults (7.4.1):
    - GoogleUtilities/Logger
  - GTMSessionFetcher/Core (1.5.0)
  - ImageSlideshow/Core (1.9.2)
  - ImageSlideshow/Kingfisher (1.9.2):
    - ImageSlideshow/Core
    - Kingfisher (> 3.0)
  - IQKeyboardManagerSwift (6.5.6)
  - Kingfisher (6.3.0)
  - leveldb-library (1.22.1)
  - nanopb (2.30908.0):
    - nanopb/decode (= 2.30908.0)
    - nanopb/encode (= 2.30908.0)
  - nanopb/decode (2.30908.0)
  - nanopb/encode (2.30908.0)
  - NVActivityIndicatorView (5.1.1):
    - NVActivityIndicatorView/Base (= 5.1.1)
  - NVActivityIndicatorView/Base (5.1.1)
  - PromisesObjC (1.2.12)
  - QuickLayout (3.0.0)
  - SideMenu (6.5.0)
  - SSSpinnerButton (3.0.2)
  - SwiftEntryKit (1.2.7):
    - QuickLayout (= 3.0.0)
  - SwiftMessages (9.0.2):
    - SwiftMessages/App (= 9.0.2)
  - SwiftMessages/App (9.0.2)
  - SwiftyJSON (4.3.0)
  - ViewAnimator (3.0.2)

DEPENDENCIES:
  - Alamofire (~> 5.0.0-rc.3)
  - Cosmos
  - Firebase/Auth
  - Firebase/Core
  - Firebase/Database
  - Firebase/Messaging
  - FlagPhoneNumber
  - ImageSlideshow/Kingfisher
  - IQKeyboardManagerSwift
  - NVActivityIndicatorView
  - SideMenu
  - SSSpinnerButton
  - SwiftEntryKit
  - SwiftMessages
  - SwiftyJSON (~> 4.0)
  - ViewAnimator

SPEC REPOS:
  trunk:
    - Alamofire
    - Cosmos
    - Firebase
    - FirebaseAnalytics
    - FirebaseAuth
    - FirebaseCore
    - FirebaseCoreDiagnostics
    - FirebaseDatabase
    - FirebaseInstallations
    - FirebaseMessaging
    - FlagPhoneNumber
    - GoogleAppMeasurement
    - GoogleDataTransport
    - GoogleUtilities
    - GTMSessionFetcher
    - ImageSlideshow
    - IQKeyboardManagerSwift
    - Kingfisher
    - leveldb-library
    - nanopb
    - NVActivityIndicatorView
    - PromisesObjC
    - QuickLayout
    - SideMenu
    - SSSpinnerButton
    - SwiftEntryKit
    - SwiftMessages
    - SwiftyJSON
    - ViewAnimator

SPEC CHECKSUMS:
  Alamofire: df2f8f826963b08b9a870791ad48e07a10090b2e
  Cosmos: b5c6a9a637e28a061b54c8f8b1d8529d7d4db73f
  Firebase: b5956acddaaa53a6c292bec00649fadd18367344
  FirebaseAnalytics: e812eaae316ba8914b1ef06bef18f11efc1f56c6
  FirebaseAuth: e069ff5736fe9d5dcf61f36244bb1b1ce1897d17
  FirebaseCore: 389c4ce9a7cce4a7e25eb22326b4bee0050557b2
  FirebaseCoreDiagnostics: 3e249cee3de5c5f9cfd6cc2a19997231286fec11
  FirebaseDatabase: cc219dac8f37fe80f5838ed5ffd84ce3daa443ad
  FirebaseInstallations: 7f31798a8198c354eadcb87176d2090b62edc187
  FirebaseMessaging: c8871b0907dcf4e76de81241eb6a62be6d657d2f
  FlagPhoneNumber: 3712455b95f66cb0f2016fef7d9e34cddf8c7f9a
  GoogleAppMeasurement: 9ff7b9e23cced93a5a41736c09bdeb5b5b7fb111
  GoogleDataTransport: 04c3e9a480bbcaa2ec3f5d27f1cdeb6a92f20c8d
  GoogleUtilities: f8a43108b38a68eebe8b3540e1f4f2d28843ce20
  GTMSessionFetcher: b3503b20a988c4e20cc189aa798fd18220133f52
  ImageSlideshow: be305b54eaf2b2cfc7a7141c7c734605d44dc07d
  IQKeyboardManagerSwift: c7df9d2deb356c04522f5c4b7b6e4ce4d8ed94fe
  Kingfisher: 6c3df386db71d82c0817a429d2c9421a77396529
  leveldb-library: 50c7b45cbd7bf543c81a468fe557a16ae3db8729
  nanopb: a0ba3315591a9ae0a16a309ee504766e90db0c96
  NVActivityIndicatorView: 1f6c5687f1171810aa27a3296814dc2d7dec3667
  PromisesObjC: 3113f7f76903778cf4a0586bd1ab89329a0b7b97
  QuickLayout: 07b45a72b10083fee3f095990cfed1c1e7b27f0a
  SideMenu: f583187d21c5b1dd04c72002be544b555a2627a2
  SSSpinnerButton: ba9ec6858f2f6fa902a5131d3aec5282588241f8
  SwiftEntryKit: 537c92699d6034efb1ef9c32b11e0b37c97aa589
  SwiftMessages: 77b847d1405f99046ffbd0d856bc7d73e6892686
  SwiftyJSON: 6faa0040f8b59dead0ee07436cbf76b73c08fd08
  ViewAnimator: 16435576cd44fca0b0d63147d5031fd3e91d295a

PODFILE CHECKSUM: 19efc119e4e34216a743d83e38a16cc8d7f12a37

COCOAPODS: 1.10.1
